
Microsoft Visual Studio Solution File, Format Version 10.00
# Visual Studio 2008
Project("{E24C65DC-7377-472B-9ABA-BC803B73C61A}") = "demo2", ".", "{C78C9D04-47C9-477D-894E-B93F56A6C604}"
	ProjectSection(WebsiteProperties) = preProject
		TargetFramework = "2.0"
		Debug.AspNetCompiler.VirtualPath = "/demo2"
		Debug.AspNetCompiler.PhysicalPath = "..\demo2\"
		Debug.AspNetCompiler.TargetPath = "PrecompiledWeb\demo2\"
		Debug.AspNetCompiler.Updateable = "true"
		Debug.AspNetCompiler.ForceOverwrite = "true"
		Debug.AspNetCompiler.FixedNames = "false"
		Debug.AspNetCompiler.Debug = "True"
		Release.AspNetCompiler.VirtualPath = "/demo2"
		Release.AspNetCompiler.PhysicalPath = "..\demo2\"
		Release.AspNetCompiler.TargetPath = "PrecompiledWeb\demo2\"
		Release.AspNetCompiler.Updateable = "true"
		Release.AspNetCompiler.ForceOverwrite = "true"
		Release.AspNetCompiler.FixedNames = "false"
		Release.AspNetCompiler.Debug = "False"
		VWDPort = "59807"
	EndProjectSection
EndProject
Global
	GlobalSection(SolutionConfigurationPlatforms) = preSolution
		Debug|Any CPU = Debug|Any CPU
	EndGlobalSection
	GlobalSection(ProjectConfigurationPlatforms) = postSolution
		{C78C9D04-47C9-477D-894E-B93F56A6C604}.Debug|Any CPU.ActiveCfg = Debug|Any CPU
		{C78C9D04-47C9-477D-894E-B93F56A6C604}.Debug|Any CPU.Build.0 = Debug|Any CPU
	EndGlobalSection
	GlobalSection(SolutionProperties) = preSolution
		HideSolutionNode = FALSE
	EndGlobalSection
EndGlobal
